---
lockfileVersion: '9.0'

importers:

  .:
    configDependencies: {}
    packageManagerDependencies:
      '@pnpm/exe':
        specifier: ^11.18.0
        version: 11.26.0
      pnpm:
        specifier: ^11.18.0
        version: 11.26.0

packages:

  '@pnpm/exe@11.26.0':
    resolution: {integrity: sha512-eeiNi7WeXulOO1BzDAU9HIk+N3dokG+xwKPUupNQoZT5auL3rh2pFW9DqdIEnCC2xtt/hZd6UGtKyb6OMpqndw==}
    hasBin: true

  '@pnpm/linux-arm64@11.26.0':
    resolution: {integrity: sha512-M0IDuD4hbXxpLBsj1/I9pODcxu/gxTDtbyQmsVGYu1TZwCCpf6YU1x3lzq8aCGjrysmXYQAtCiY8GBjdw4UGFg==}
    cpu: [arm64]
    os: [linux]

  '@pnpm/linux-x64@11.26.0':
    resolution: {integrity: sha512-nUuNRsFCGVje3FHtOaWxIQl2EP4NBktKr+PpLN7uhuWnJCCMN/F9RKjNJAM+dUPyvAZs8VDvS0kA8J55kyybyg==}
    cpu: [x64]
    os: [linux]

  '@pnpm/linuxstatic-arm64@11.26.0':
    resolution: {integrity: sha512-+dXROkvdWjskrQtjwJAFuJI7Q2uTkghBfLsd0vqRmorX3fPuinhoRjJJ/UPtWXzJqwcByJBmdJRW+q2964m5qQ==}
    cpu: [arm64]
    os: [linux]
    libc: [musl]

  '@pnpm/linuxstatic-x64@11.26.0':
    resolution: {integrity: sha512-0eXE6spzIBdCbYhJZQ0u/sIOD0v30sqk2PrzoixzsNMc7S/lhd7EkBMVJ6cCPiCL2TXvOsrJC2SpWPBK769A9A==}
    cpu: [x64]
    os: [linux]
    libc: [musl]

  '@pnpm/macos-arm64@11.26.0':
    resolution: {integrity: sha512-Za3kKV89Zj0SFzQf6zEUTUIy13xH8UiNyb7aILDRjPiTvTaUSCh3q+nvljISfGH1XcopXvo+p3K8Q2nrKYWAug==}
    cpu: [arm64]
    os: [darwin]

  '@pnpm/win-arm64@11.26.0':
    resolution: {integrity: sha512-5akeLtbqbFDdJtCV4qgLmDBV3R+XNs6E7h7Xb4ZBzS3rLRp8e/y/ZdgrZaGF5Kjo45g0BLAxdGUREHbU2/lGUw==}
    cpu: [arm64]
    os: [win32]

  '@pnpm/win-x64@11.26.0':
    resolution: {integrity: sha512-f15SfIo7nppxBII+STy6jpd1z3LgGTZh6skfuxKA/xHmkzopnQJQXr4hBnl1rJLJAnmuOhN8BssaC4LiXmS78w==}
    cpu: [x64]
    os: [win32]

  '@reflink/reflink-darwin-arm64@0.1.19':
    resolution: {integrity: sha512-ruy44Lpepdk1FqDz38vExBY/PVUsjxZA+chd9wozjUH9JjuDT/HEaQYA6wYN9mf041l0yLVar6BCZuWABJvHSA==}
    engines: {node: '>= 10'}
    cpu: [arm64]
    os: [darwin]

  '@reflink/reflink-darwin-x64@0.1.19':
    resolution: {integrity: sha512-By85MSWrMZa+c26TcnAy8SDk0sTUkYlNnwknSchkhHpGXOtjNDUOxJE9oByBnGbeuIE1PiQsxDG3Ud+IVV9yuA==}
    engines: {node: '>= 10'}
    cpu: [x64]
    os: [darwin]

  '@reflink/reflink-linux-arm64-gnu@0.1.19':
    resolution: {integrity: sha512-7P+er8+rP9iNeN+bfmccM4hTAaLP6PQJPKWSA4iSk2bNvo6KU6RyPgYeHxXmzNKzPVRcypZQTpFgstHam6maVg==}
    engines: {node: '>= 10'}
    cpu: [arm64]
    os: [linux]
    libc: [glibc]

  '@reflink/reflink-linux-arm64-musl@0.1.19':
    resolution: {integrity: sha512-37iO/Dp6m5DDaC2sf3zPtx/hl9FV3Xze4xoYidrxxS9bgP3S8ALroxRK6xBG/1TtfXKTvolvp+IjrUU6ujIGmA==}
    engines: {node: '>= 10'}
    cpu: [arm64]
    os: [linux]
    libc: [musl]

  '@reflink/reflink-linux-x64-gnu@0.1.19':
    resolution: {integrity: sha512-jbI8jvuYCaA3MVUdu8vLoLAFqC+iNMpiSuLbxlAgg7x3K5bsS8nOpTRnkLF7vISJ+rVR8W+7ThXlXlUQ93ulkw==}
    engines: {node: '>= 10'}
    cpu: [x64]
    os: [linux]
    libc: [glibc]

  '@reflink/reflink-linux-x64-musl@0.1.19':
    resolution: {integrity: sha512-e9FBWDe+lv7QKAwtKOt6A2W/fyy/aEEfr0g6j/hWzvQcrzHCsz07BNQYlNOjTfeytrtLU7k449H1PI95jA4OjQ==}
    engines: {node: '>= 10'}
    cpu: [x64]
    os: [linux]
    libc: [musl]

  '@reflink/reflink-win32-arm64-msvc@0.1.19':
    resolution: {integrity: sha512-09PxnVIQcd+UOn4WAW73WU6PXL7DwGS6wPlkMhMg2zlHHG65F3vHepOw06HFCq+N42qkaNAc8AKIabWvtk6cIQ==}
    engines: {node: '>= 10'}
    cpu: [arm64]
    os: [win32]

  '@reflink/reflink-win32-x64-msvc@0.1.19':
    resolution: {integrity: sha512-E//yT4ni2SyhwP8JRjVGWr3cbnhWDiPLgnQ66qqaanjjnMiu3O/2tjCPQXlcGc/DEYofpDc9fvhv6tALQsMV9w==}
    engines: {node: '>= 10'}
    cpu: [x64]
    os: [win32]

  '@reflink/reflink@0.1.19':
    resolution: {integrity: sha512-DmCG8GzysnCZ15bres3N5AHCmwBwYgp0As6xjhQ47rAUTUXxJiK+lLUxaGsX3hd/30qUpVElh05PbGuxRPgJwA==}
    engines: {node: '>= 10'}

  detect-libc@2.1.2:
    resolution: {integrity: sha512-Btj2BOOO83o3WyH59e8MgXsxEQVcarkUOpEYrubB0urwnN10yQ364rsiByU11nZlqWYZm05i/of7io4mzihBtQ==}
    engines: {node: '>=8'}

  pnpm@11.26.0:
    resolution: {integrity: sha512-/A4r+JC5+YNhHxq2jAY3vOkUOQZTaZ+DwaeLAF7SXyyB53kgyP2O7i7PC1iyjNywCoTZf2m898VrLzRHECOGZA==}
    engines: {node: '>=22.13'}
    hasBin: true

snapshots:

  '@pnpm/exe@11.26.0':
    dependencies:
      '@reflink/reflink': 0.1.19
      detect-libc: 2.1.2
    optionalDependencies:
      '@pnpm/linux-arm64': 11.26.0
      '@pnpm/linux-x64': 11.26.0
      '@pnpm/linuxstatic-arm64': 11.26.0
      '@pnpm/linuxstatic-x64': 11.26.0
      '@pnpm/macos-arm64': 11.26.0
      '@pnpm/win-arm64': 11.26.0
      '@pnpm/win-x64': 11.26.0

  '@pnpm/linux-arm64@11.26.0':
    optional: true

  '@pnpm/linux-x64@11.26.0':
    optional: true

  '@pnpm/linuxstatic-arm64@11.26.0':
    optional: true

  '@pnpm/linuxstatic-x64@11.26.0':
    optional: true

  '@pnpm/macos-arm64@11.26.0':
    optional: true

  '@pnpm/win-arm64@11.26.0':
    optional: true

  '@pnpm/win-x64@11.26.0':
    optional: true

  '@reflink/reflink-darwin-arm64@0.1.19':
    optional: true

  '@reflink/reflink-darwin-x64@0.1.19':
    optional: true

  '@reflink/reflink-linux-arm64-gnu@0.1.19':
    optional: true

  '@reflink/reflink-linux-arm64-musl@0.1.19':
    optional: true

  '@reflink/reflink-linux-x64-gnu@0.1.19':
    optional: true

  '@reflink/reflink-linux-x64-musl@0.1.19':
    optional: true

  '@reflink/reflink-win32-arm64-msvc@0.1.19':
    optional: true

  '@reflink/reflink-win32-x64-msvc@0.1.19':
    optional: true

  '@reflink/reflink@0.1.19':
    optionalDependencies:
      '@reflink/reflink-darwin-arm64': 0.1.19
      '@reflink/reflink-darwin-x64': 0.1.19
      '@reflink/reflink-linux-arm64-gnu': 0.1.19
      '@reflink/reflink-linux-arm64-musl': 0.1.19
      '@reflink/reflink-linux-x64-gnu': 0.1.19
      '@reflink/reflink-linux-x64-musl': 0.1.19
      '@reflink/reflink-win32-arm64-msvc': 0.1.19
      '@reflink/reflink-win32-x64-msvc': 0.1.19

  detect-libc@2.1.2: {}

  pnpm@11.26.0: {}

---
lockfileVersion: '9.0'

settings:
  autoInstallPeers: true
  excludeLinksFromLockfile: false

importers:

  .:
    devDependencies:
      '@biomejs/biome':
        specifier: ^2.5.12
        version: 2.5.12

packages:

  '@biomejs/biome@2.5.12':
    resolution: {integrity: sha512-Lw4VHZRebrReBBnlHa12JQjnIBm3JJAA55PDB9LbBVBF0q4RYphm6KfmIjqtPhf61MxZ5Q9KoK8R8x+7per5Aw==}
    engines: {node: '>=14.21.3'}
    hasBin: true

  '@biomejs/cli-darwin-arm64@2.5.12':
    resolution: {integrity: sha512-lCRY1rwgNeWNgTr4DI/u6ZwXTRwRLHAvbaio1YLLGS+4r1nhvB2ssyPqIpfUSmRveNfv0fn/N58C7CAdK2XVrg==}
    engines: {node: '>=14.21.3'}
    cpu: [arm64]
    os: [darwin]

  '@biomejs/cli-darwin-x64@2.5.12':
    resolution: {integrity: sha512-vhPgwnh+6tN3ArdAXuET99xaNbFt7CG82Bqn+omHVLC5xdVx45JsYjGPmUIGNzjDek5XdNCP1HKksK7fn8+3bQ==}
    engines: {node: '>=14.21.3'}
    cpu: [x64]
    os: [darwin]

  '@biomejs/cli-linux-arm64-musl@2.5.12':
    resolution: {integrity: sha512-couHYjFLL5uuI8ne6zhT7KwEsXo5YP7ry/2xmEqah7qanu0YmfDi3mwJg47YXSuv/NpZj22CZzcRH/5c4gjPSQ==}
    engines: {node: '>=14.21.3'}
    cpu: [arm64]
    os: [linux]
    libc: [musl]

  '@biomejs/cli-linux-arm64@2.5.12':
    resolution: {integrity: sha512-2gp8aVwXYKdAtmBfRFCUuyDMcfN1ahHqUkGfLYrZlNRFmryMATLVvJgWKvyA8wu4Rwn5OSxM1UcUmOuOFNGeBQ==}
    engines: {node: '>=14.21.3'}
    cpu: [arm64]
    os: [linux]
    libc: [glibc]

  '@biomejs/cli-linux-x64-musl@2.5.12':
    resolution: {integrity: sha512-8A0oDW58/w9f/PQNYuq0sGUZtGtGrkNF4Z6n0PUoXpLCshi85vtKTv1XSznQawhdE4MXJ8ufpzHXyLFe87M/+w==}
    engines: {node: '>=14.21.3'}
    cpu: [x64]
    os: [linux]
    libc: [musl]

  '@biomejs/cli-linux-x64@2.5.12':
    resolution: {integrity: sha512-SnvOs3TSTiuia4SQOUNe1aWC9RT4+YkjcKnOhL/nsKOV0k5ycgBkDzF0lUxKn1V7Q8CLTRq6iV23ZAivHomRoA==}
    engines: {node: '>=14.21.3'}
    cpu: [x64]
    os: [linux]
    libc: [glibc]

  '@biomejs/cli-win32-arm64@2.5.12':
    resolution: {integrity: sha512-b9vtoZFsuZt1pdjNwJvXl0f+BpayRzV008uS2+JpmwIKdSE2qdu4A/l04FESwLoou5g2E/Qlec0xwJydZplH+A==}
    engines: {node: '>=14.21.3'}
    cpu: [arm64]
    os: [win32]

  '@biomejs/cli-win32-x64@2.5.12':
    resolution: {integrity: sha512-B1R/l+CwEpKFSuqiwePzPNRk1EiJN8kc0UhdafNz6MZN9v5OFP9HYP1irptvWzHrwVI4blVNGMbxc5zt70m3IA==}
    engines: {node: '>=14.21.3'}
    cpu: [x64]
    os: [win32]

snapshots:

  '@biomejs/biome@2.5.12':
    optionalDependencies:
      '@biomejs/cli-darwin-arm64': 2.5.12
      '@biomejs/cli-darwin-x64': 2.5.12
      '@biomejs/cli-linux-arm64': 2.5.12
      '@biomejs/cli-linux-arm64-musl': 2.5.12
      '@biomejs/cli-linux-x64': 2.5.12
      '@biomejs/cli-linux-x64-musl': 2.5.12
      '@biomejs/cli-win32-arm64': 2.5.12
      '@biomejs/cli-win32-x64': 2.5.12

  '@biomejs/cli-darwin-arm64@2.5.12':
    optional: true

  '@biomejs/cli-darwin-x64@2.5.12':
    optional: true

  '@biomejs/cli-linux-arm64-musl@2.5.12':
    optional: true

  '@biomejs/cli-linux-arm64@2.5.12':
    optional: true

  '@biomejs/cli-linux-x64-musl@2.5.12':
    optional: true

  '@biomejs/cli-linux-x64@2.5.12':
    optional: true

  '@biomejs/cli-win32-arm64@2.5.12':
    optional: true

  '@biomejs/cli-win32-x64@2.5.12':
    optional: true
